
Microsoft Visual Studio Solution File, Format Version 12.00
# Visual Studio Version 17
VisualStudioVersion = 17.13.35818.85 d17.13
MinimumVisualStudioVersion = 10.0.40219.1
Project("{FAE04EC0-301F-11D3-BF4B-00C04F79EFBC}") = "WorkingWithTasks", "WorkingWithTasks\WorkingWithTasks.csproj", "{02267E5A-A4D3-40A8-B567-58537404077C}"
EndProject
Project("{FAE04EC0-301F-11D3-BF4B-00C04F79EFBC}") = "SynchronizingResourceAccess", "SynchronizingResourceAccess\SynchronizingResourceAccess.csproj", "{186EB2DF-A294-4FC9-AFBA-316B5A098F94}"
EndProject
Global
	GlobalSection(SolutionConfigurationPlatforms) = preSolution
		Debug|Any CPU = Debug|Any CPU
		Release|Any CPU = Release|Any CPU
	EndGlobalSection
	GlobalSection(ProjectConfigurationPlatforms) = postSolution
		{02267E5A-A4D3-40A8-B567-58537404077C}.Debug|Any CPU.ActiveCfg = Debug|Any CPU
		{02267E5A-A4D3-40A8-B567-58537404077C}.Debug|Any CPU.Build.0 = Debug|Any CPU
		{02267E5A-A4D3-40A8-B567-58537404077C}.Release|Any CPU.ActiveCfg = Release|Any CPU
		{02267E5A-A4D3-40A8-B567-58537404077C}.Release|Any CPU.Build.0 = Release|Any CPU
		{186EB2DF-A294-4FC9-AFBA-316B5A098F94}.Debug|Any CPU.ActiveCfg = Debug|Any CPU
		{186EB2DF-A294-4FC9-AFBA-316B5A098F94}.Debug|Any CPU.Build.0 = Debug|Any CPU
		{186EB2DF-A294-4FC9-AFBA-316B5A098F94}.Release|Any CPU.ActiveCfg = Release|Any CPU
		{186EB2DF-A294-4FC9-AFBA-316B5A098F94}.Release|Any CPU.Build.0 = Release|Any CPU
	EndGlobalSection
	GlobalSection(SolutionProperties) = preSolution
		HideSolutionNode = FALSE
	EndGlobalSection
	GlobalSection(ExtensibilityGlobals) = postSolution
		SolutionGuid = {064FC10C-7729-447D-90BB-509D5AB5D194}
	EndGlobalSection
EndGlobal
